Microsoft Visual Studio Solution File, Format Version 12.00
# Visual Studio Version 17
VisualStudioVersion = 17.0.31903.59
MinimumVisualStudioVersion = 10.0.40219.1
Project("{9013A6D1-9CFC-4236-82C9-30394D604B02}") = "Project_f422dc77dfb94e5f916c234183ca58f9_20250601200320365589", "Project_f422dc77dfb94e5f916c234183ca58f9_20250601200320365589.csproj", "{9013A6D1-9CFC-4236-82C9-30394D604B02}"
EndProject
Global
    GlobalSection(SolutionConfigurationPlatforms) = preSolution
        Debug|Any CPU = Debug|Any CPU
        Release|Any CPU = Release|Any CPU
    EndGlobalSection
    GlobalSection(ProjectConfigurationPlatforms) = postSolution
        {9013A6D1-9CFC-4236-82C9-30394D604B02}.Debug|Any CPU.ActiveCfg = Debug|Any CPU
        {9013A6D1-9CFC-4236-82C9-30394D604B02}.Debug|Any CPU.Build.0 = Debug|Any CPU
        {9013A6D1-9CFC-4236-82C9-30394D604B02}.Release|Any CPU.ActiveCfg = Release|Any CPU
        {9013A6D1-9CFC-4236-82C9-30394D604B02}.Release|Any CPU.Build.0 = Release|Any CPU
    EndGlobalSection
EndGlobal